// !$*UTF8*$!
{
	archiveVersion = 1;
	classes = {
	};
	objectVersion = 77;
	objects = {

/* Begin PBXContainerItemProxy section */
		8597F8542E014E3A00A74B13 /* PBXContainerItemProxy */ = {
			isa = PBXContainerItemProxy;
			containerPortal = 8597F8352E014E3900A74B13 /* Project object */;
			proxyType = 1;
			remoteGlobalIDString = 8597F83C2E014E3900A74B13;
			remoteInfo = Hexagon;
		};
		8597F85E2E014E3A00A74B13 /* PBXContainerItemProxy */ = {
			isa = PBXContainerItemProxy;
			containerPortal = 8597F8352E014E3900A74B13 /* Project object */;
			proxyType = 1;
			remoteGlobalIDString = 8597F83C2E014E3900A74B13;
			remoteInfo = Hexagon;
		};
/* End PBXContainerItemProxy section */

/* Begin PBXFileReference section */
		8597F83D2E014E3900A74B13 /* Hexagon.app */ = {isa = PBXFileReference; explicitFileType = wrapper.application; includeInIndex = 0; path = Hexagon.app; sourceTree = BUILT_PRODUCTS_DIR; };
		8597F8532E014E3A00A74B13 /* HexagonTests.xctest */ = {isa = PBXFileReference; explicitFileType = wrapper.cfbundle; includeInIndex = 0; path = HexagonTests.xctest; sourceTree = BUILT_PRODUCTS_DIR; };
		8597F85D2E014E3A00A74B13 /* HexagonUITests.xctest */ = {isa = PBXFileReference; explicitFileType = wrapper.cfbundle; includeInIndex = 0; path = HexagonUITests.xctest; sourceTree = BUILT_PRODUCTS_DIR; };
/* End PBXFileReference section */

/* Begin PBXFileSystemSynchronizedBuildFileExceptionSet section */
		8597F8652E014E3A00A74B13 /* Exceptions for "Hexagon" folder in "Hexagon" target */ = {
			isa = PBXFileSystemSynchronizedBuildFileExceptionSet;
			membershipExceptions = (
				Info.plist,
			);
			target = 8597F83C2E014E3900A74B13 /* Hexagon */;
		};
/* End PBXFileSystemSynchronizedBuildFileExceptionSet section */

/* Begin PBXFileSystemSynchronizedRootGroup section */
		8597F83F2E014E3900A74B13 /* Hexagon */ = {
			isa = PBXFileSystemSynchronizedRootGroup;
			exceptions = (
				8597F8652E014E3A00A74B13 /* Exceptions for "Hexagon" folder in "Hexagon" target */,
			);
			path = Hexagon;
			sourceTree = "<group>";
		};
		8597F8562E014E3A00A74B13 /* HexagonTests */ = {
			isa = PBXFileSystemSynchronizedRootGroup;
			path = HexagonTests;
			sourceTree = "<group>";
		};
		8597F8602E014E3A00A74B13 /* HexagonUITests */ = {
			isa = PBXFileSystemSynchronizedRootGroup;
			path = HexagonUITests;
			sourceTree = "<group>";
		};
/* End PBXFileSystemSynchronizedRootGroup section */

/* Begin PBXFrameworksBuildPhase section */
		8597F83A2E014E3900A74B13 /* Frameworks */ = {
			isa = PBXFrameworksBuildPhase;
			buildActionMask = 2147483647;
			files = (
			);
			runOnlyForDeploymentPostprocessing = 0;
		};
		8597F8502E014E3A00A74B13 /* Frameworks */ = {
			isa = PBXFrameworksBuildPhase;
			buildActionMask = 2147483647;
			files = (
			);
			runOnlyForDeploymentPostprocessing = 0;
		};
		8597F85A2E014E3A00A74B13 /* Frameworks */ = {
			isa = PBXFrameworksBuildPhase;
			buildActionMask = 2147483647;
			files = (
			);
			runOnlyForDeploymentPostprocessing = 0;
		};
/* End PBXFrameworksBuildPhase section */

/* Begin PBXGroup section */
		8597F8342E014E3900A74B13 = {
			isa = PBXGroup;
			children = (
				8597F83F2E014E3900A74B13 /* Hexagon */,
				8597F8562E014E3A00A74B13 /* HexagonTests */,
				8597F8602E014E3A00A74B13 /* HexagonUITests */,
				8597F83E2E014E3900A74B13 /* Products */,
			);
			sourceTree = "<group>";
		};
		8597F83E2E014E3900A74B13 /* Products */ = {
			isa = PBXGroup;
			children = (
				8597F83D2E014E3900A74B13 /* Hexagon.app */,
				8597F8532E014E3A00A74B13 /* HexagonTests.xctest */,
				8597F85D2E014E3A00A74B13 /* HexagonUITests.xctest */,
			);
			name = Products;
			sourceTree = "<group>";
		};
/* End PBXGroup section */

/* Begin PBXNativeTarget section */
		8597F83C2E014E3900A74B13 /* Hexagon */ = {
			isa = PBXNativeTarget;
			buildConfigurationList = 8597F8662E014E3A00A74B13 /* Build configuration list for PBXNativeTarget "Hexagon" */;
			buildPhases = (
				8597F8392E014E3900A74B13 /* Sources */,
				8597F83A2E014E3900A74B13 /* Frameworks */,
				8597F83B2E014E3900A74B13 /* Resources */,
			);
			buildRules = (
			);
			dependencies = (
			);
			fileSystemSynchronizedGroups = (
				8597F83F2E014E3900A74B13 /* Hexagon */,
			);
			name = Hexagon;
			packageProductDependencies = (
			);
			productName = Hexagon;
			productReference = 8597F83D2E014E3900A74B13 /* Hexagon.app */;
			productType = "com.apple.product-type.application";
		};
		8597F8522E014E3A00A74B13 /* HexagonTests */ = {
			isa = PBXNativeTarget;
			buildConfigurationList = 8597F86B2E014E3A00A74B13 /* Build configuration list for PBXNativeTarget "HexagonTests" */;
			buildPhases = (
				8597F84F2E014E3A00A74B13 /* Sources */,
				8597F8502E014E3A00A74B13 /* Frameworks */,
				8597F8512E014E3A00A74B13 /* Resources */,
			);
			buildRules = (
			);
			dependencies = (
				8597F8552E014E3A00A74B13 /* PBXTargetDependency */,
			);
			fileSystemSynchronizedGroups = (
				8597F8562E014E3A00A74B13 /* HexagonTests */,
			);
			name = HexagonTests;
			packageProductDependencies = (
			);
			productName = HexagonTests;
			productReference = 8597F8532E014E3A00A74B13 /* HexagonTests.xctest */;
			productType = "com.apple.product-type.bundle.unit-test";
		};
		8597F85C2E014E3A00A74B13 /* HexagonUITests */ = {
			isa = PBXNativeTarget;
			buildConfigurationList = 8597F86E2E014E3A00A74B13 /* Build configuration list for PBXNativeTarget "HexagonUITests" */;
			buildPhases = (
				8597F8592E014E3A00A74B13 /* Sources */,
				8597F85A2E014E3A00A74B13 /* Frameworks */,
				8597F85B2E014E3A00A74B13 /* Resources */,
			);
			buildRules = (
			);
			dependencies = (
				8597F85F2E014E3A00A74B13 /* PBXTargetDependency */,
			);
			fileSystemSynchronizedGroups = (
				8597F8602E014E3A00A74B13 /* HexagonUITests */,
			);
			name = HexagonUITests;
			packageProductDependencies = (
			);
			productName = HexagonUITests;
			productReference = 8597F85D2E014E3A00A74B13 /* HexagonUITests.xctest */;
			productType = "com.apple.product-type.bundle.ui-testing";
		};
/* End PBXNativeTarget section */

/* Begin PBXProject section */
		8597F8352E014E3900A74B13 /* Project object */ = {
			isa = PBXProject;
			attributes = {
				BuildIndependentTargetsInParallel = 1;
				LastSwiftUpdateCheck = 1620;
				LastUpgradeCheck = 1620;
				TargetAttributes = {
					8597F83C2E014E3900A74B13 = {
						CreatedOnToolsVersion = 16.2;
					};
					8597F8522E014E3A00A74B13 = {
						CreatedOnToolsVersion = 16.2;
						TestTargetID = 8597F83C2E014E3900A74B13;
					};
					8597F85C2E014E3A00A74B13 = {
						CreatedOnToolsVersion = 16.2;
						TestTargetID = 8597F83C2E014E3900A74B13;
					};
				};
			};
			buildConfigurationList = 8597F8382E014E3900A74B13 /* Build configuration list for PBXProject "Hexagon" */;
			developmentRegion = en;
			hasScannedForEncodings = 0;
			knownRegions = (
				en,
				Base,
			);
			mainGroup = 8597F8342E014E3900A74B13;
			minimizedProjectReferenceProxies = 1;
			preferredProjectObjectVersion = 77;
			productRefGroup = 8597F83E2E014E3900A74B13 /* Products */;
			projectDirPath = "";
			projectRoot = "";
			targets = (
				8597F83C2E014E3900A74B13 /* Hexagon */,
				8597F8522E014E3A00A74B13 /* HexagonTests */,
				8597F85C2E014E3A00A74B13 /* HexagonUITests */,
			);
		};
/* End PBXProject section */

/* Begin PBXResourcesBuildPhase section */
		8597F83B2E014E3900A74B13 /* Resources */ = {
			isa = PBXResourcesBuildPhase;
			buildActionMask = 2147483647;
			files = (
			);
			runOnlyForDeploymentPostprocessing = 0;
		};
		8597F8512E014E3A00A74B13 /* Resources */ = {
			isa = PBXResourcesBuildPhase;
			buildActionMask = 2147483647;
			files = (
			);
			runOnlyForDeploymentPostprocessing = 0;
		};
		8597F85B2E014E3A00A74B13 /* Resources */ = {
			isa = PBXResourcesBuildPhase;
			buildActionMask = 2147483647;
			files = (
			);
			runOnlyForDeploymentPostprocessing = 0;
		};
/* End PBXResourcesBuildPhase section */

/* Begin PBXSourcesBuildPhase section */
		8597F8392E014E3900A74B13 /* Sources */ = {
			isa = PBXSourcesBuildPhase;
			buildActionMask = 2147483647;
			files = (
			);
			runOnlyForDeploymentPostprocessing = 0;
		};
		8597F84F2E014E3A00A74B13 /* Sources */ = {
			isa = PBXSourcesBuildPhase;
			buildActionMask = 2147483647;
			files = (
			);
			runOnlyForDeploymentPostprocessing = 0;
		};
		8597F8592E014E3A00A74B13 /* Sources */ = {
			isa = PBXSourcesBuildPhase;
			buildActionMask = 2147483647;
			files = (
			);
			runOnlyForDeploymentPostprocessing = 0;
		};
/* End PBXSourcesBuildPhase section */

/* Begin PBXTargetDependency section */
		8597F8552E014E3A00A74B13 /* PBXTargetDependency */ = {
			isa = PBXTargetDependency;
			target = 8597F83C2E014E3900A74B13 /* Hexagon */;
			targetProxy = 8597F8542E014E3A00A74B13 /* PBXContainerItemProxy */;
		};
		8597F85F2E014E3A00A74B13 /* PBXTargetDependency */ = {
			isa = PBXTargetDependency;
			target = 8597F83C2E014E3900A74B13 /* Hexagon */;
			targetProxy = 8597F85E2E014E3A00A74B13 /* PBXContainerItemProxy */;
		};
/* End PBXTargetDependency section */

/* Begin XCBuildConfiguration section */
		8597F8672E014E3A00A74B13 /* Debug */ = {
			isa = XCBuildConfiguration;
			buildSettings = {
				ASSETCATALOG_COMPILER_APPICON_NAME = AppIcon;
				ASSETCATALOG_COMPILER_GLOBAL_ACCENT_COLOR_NAME = AccentColor;
				CODE_SIGN_STYLE = Automatic;
				CURRENT_PROJECT_VERSION = 1;
				DEVELOPMENT_TEAM = 2D56LS99J2;
				GENERATE_INFOPLIST_FILE = YES;
				INFOPLIST_FILE = Hexagon/Info.plist;
				INFOPLIST_KEY_UIApplicationSupportsIndirectInputEvents = YES;
				INFOPLIST_KEY_UILaunchStoryboardName = LaunchScreen;
				INFOPLIST_KEY_UIMainStoryboardFile = Main;
				INFOPLIST_KEY_UISupportedInterfaceOrientations_iPad = "UIInterfaceOrientationPortrait UIInterfaceOrientationPortraitUpsideDown UIInterfaceOrientationLandscapeLeft UIInterfaceOrientationLandscapeRight";
				INFOPLIST_KEY_UISupportedInterfaceOrientations_iPhone = "UIInterfaceOrientationPortrait UIInterfaceOrientationLandscapeLeft UIInterfaceOrientationLandscapeRight";
				LD_RUNPATH_SEARCH_PATHS = (
					"$(inherited)",
					"@executable_path/Frameworks",
				);
				MARKETING_VERSION = 1.0;
				PRODUCT_BUNDLE_IDENTIFIER = f.Hexagon;
				PRODUCT_NAME = "$(TARGET_NAME)";
				SWIFT_EMIT_LOC_STRINGS = YES;
				SWIFT_VERSION = 5.0;
				TARGETED_DEVICE_FAMILY = "1,2";
			};
			name = Debug;
		};
		8597F8682E014E3A00A74B13 /* Release */ = {
			isa = XCBuildConfiguration;
			buildSettings = {
				ASSETCATALOG_COMPILER_APPICON_NAME = AppIcon;
				ASSETCATALOG_COMPILER_GLOBAL_ACCENT_COLOR_NAME = AccentColor;
				CODE_SIGN_STYLE = Automatic;
				CURRENT_PROJECT_VERSION = 1;
				DEVELOPMENT_TEAM = 2D56LS99J2;
				GENERATE_INFOPLIST_FILE = YES;
				INFOPLIST_FILE = Hexagon/Info.plist;
				INFOPLIST_KEY_UIApplicationSupportsIndirectInputEvents = YES;
				INFOPLIST_KEY_UILaunchStoryboardName = LaunchScreen;
				INFOPLIST_KEY_UIMainStoryboardFile = Main;
				INFOPLIST_KEY_UISupportedInterfaceOrientations_iPad = "UIInterfaceOrientationPortrait UIInterfaceOrientationPortraitUpsideDown UIInterfaceOrientationLandscapeLeft UIInterfaceOrientationLandscapeRight";
				INFOPLIST_KEY_UISupportedInterfaceOrientations_iPhone = "UIInterfaceOrientationPortrait UIInterfaceOrientationLandscapeLeft UIInterfaceOrientationLandscapeRight";
				LD_RUNPATH_SEARCH_PATHS = (
					"$(inherited)",
					"@executable_path/Frameworks",
				);
				MARKETING_VERSION = 1.0;
				PRODUCT_BUNDLE_IDENTIFIER = f.Hexagon;
				PRODUCT_NAME = "$(TARGET_NAME)";
				SWIFT_EMIT_LOC_STRINGS = YES;
				SWIFT_VERSION = 5.0;
				TARGETED_DEVICE_FAMILY = "1,2";
			};
			name = Release;
		};
		8597F8692E014E3A00A74B13 /* Debug */ = {
			isa = XCBuildConfiguration;
			buildSettings = {
				ALWAYS_SEARCH_USER_PATHS = NO;
				ASSETCATALOG_COMPILER_GENERATE_SWIFT_ASSET_SYMBOL_EXTENSIONS = YES;
				CLANG_ANALYZER_NONNULL = YES;
				CLANG_ANALYZER_NUMBER_OBJECT_CONVERSION = YES_AGGRESSIVE;
				CLANG_CXX_LANGUAGE_STANDARD = "gnu++20";
				CLANG_ENABLE_MODULES = YES;
				CLANG_ENABLE_OBJC_ARC = YES;
				CLANG_ENABLE_OBJC_WEAK = YES;
				CLANG_WARN_BLOCK_CAPTURE_AUTORELEASING = YES;
				CLANG_WARN_BOOL_CONVERSION = YES;
				CLANG_WARN_COMMA = YES;
				CLANG_WARN_CONSTANT_CONVERSION = YES;
				CLANG_WARN_DEPRECATED_OBJC_IMPLEMENTATIONS = YES;
				CLANG_WARN_DIRECT_OBJC_ISA_USAGE = YES_ERROR;
				CLANG_WARN_DOCUMENTATION_COMMENTS = YES;
				CLANG_WARN_EMPTY_BODY = YES;
				CLANG_WARN_ENUM_CONVERSION = YES;
				CLANG_WARN_INFINITE_RECURSION = YES;
				CLANG_WARN_INT_CONVERSION = YES;
				CLANG_WARN_NON_LITERAL_NULL_CONVERSION = YES;
				CLANG_WARN_OBJC_IMPLICIT_RETAIN_SELF = YES;
				CLANG_WARN_OBJC_LITERAL_CONVERSION = YES;
				CLANG_WARN_OBJC_ROOT_CLASS = YES_ERROR;
				CLANG_WARN_QUOTED_INCLUDE_IN_FRAMEWORK_HEADER = YES;
				CLANG_WARN_RANGE_LOOP_ANALYSIS = YES;
				CLANG_WARN_STRICT_PROTOTYPES = YES;
				CLANG_WARN_SUSPICIOUS_MOVE = YES;
				CLANG_WARN_UNGUARDED_AVAILABILITY = YES_AGGRESSIVE;
				CLANG_WARN_UNREACHABLE_CODE = YES;
				CLANG_WARN__DUPLICATE_METHOD_MATCH = YES;
				COPY_PHASE_STRIP = NO;
				DEBUG_INFORMATION_FORMAT = dwarf;
				ENABLE_STRICT_OBJC_MSGSEND = YES;
				ENABLE_TESTABILITY = YES;
				ENABLE_USER_SCRIPT_SANDBOXING = YES;
				GCC_C_LANGUAGE_STANDARD = gnu17;
				GCC_DYNAMIC_NO_PIC = NO;
				GCC_NO_COMMON_BLOCKS = YES;
				GCC_OPTIMIZATION_LEVEL = 0;
				GCC_PREPROCESSOR_DEFINITIONS = (
					"DEBUG=1",
					"$(inherited)",
				);
				GCC_WARN_64_TO_32_BIT_CONVERSION = YES;
				GCC_WARN_ABOUT_RETURN_TYPE = YES_ERROR;
				GCC_WARN_UNDECLARED_SELECTOR = YES;
				GCC_WARN_UNINITIALIZED_AUTOS = YES_AGGRESSIVE;
				GCC_WARN_UNUSED_FUNCTION = YES;
				GCC_WARN_UNUSED_VARIABLE = YES;
				IPHONEOS_DEPLOYMENT_TARGET = 18.2;
				LOCALIZATION_PREFERS_STRING_CATALOGS = YES;
				MTL_ENABLE_DEBUG_INFO = INCLUDE_SOURCE;
				MTL_FAST_MATH = YES;
				ONLY_ACTIVE_ARCH = YES;
				SDKROOT = iphoneos;
				SWIFT_ACTIVE_COMPILATION_CONDITIONS = "DEBUG $(inherited)";
				SWIFT_OPTIMIZATION_LEVEL = "-Onone";
			};
			name = Debug;
		};
		8597F86A2E014E3A00A74B13 /* Release */ = {
			isa = XCBuildConfiguration;
			buildSettings = {
				ALWAYS_SEARCH_USER_PATHS = NO;
				ASSETCATALOG_COMPILER_GENERATE_SWIFT_ASSET_SYMBOL_EXTENSIONS = YES;
				CLANG_ANALYZER_NONNULL = YES;
				CLANG_ANALYZER_NUMBER_OBJECT_CONVERSION = YES_AGGRESSIVE;
				CLANG_CXX_LANGUAGE_STANDARD = "gnu++20";
				CLANG_ENABLE_MODULES = YES;
				CLANG_ENABLE_OBJC_ARC = YES;
				CLANG_ENABLE_OBJC_WEAK = YES;
				CLANG_WARN_BLOCK_CAPTURE_AUTORELEASING = YES;
				CLANG_WARN_BOOL_CONVERSION = YES;
				CLANG_WARN_COMMA = YES;
				CLANG_WARN_CONSTANT_CONVERSION = YES;
				CLANG_WARN_DEPRECATED_OBJC_IMPLEMENTATIONS = YES;
				CLANG_WARN_DIRECT_OBJC_ISA_USAGE = YES_ERROR;
				CLANG_WARN_DOCUMENTATION_COMMENTS = YES;
				CLANG_WARN_EMPTY_BODY = YES;
				CLANG_WARN_ENUM_CONVERSION = YES;
				CLANG_WARN_INFINITE_RECURSION = YES;
				CLANG_WARN_INT_CONVERSION = YES;
				CLANG_WARN_NON_LITERAL_NULL_CONVERSION = YES;
				CLANG_WARN_OBJC_IMPLICIT_RETAIN_SELF = YES;
				CLANG_WARN_OBJC_LITERAL_CONVERSION = YES;
				CLANG_WARN_OBJC_ROOT_CLASS = YES_ERROR;
				CLANG_WARN_QUOTED_INCLUDE_IN_FRAMEWORK_HEADER = YES;
				CLANG_WARN_RANGE_LOOP_ANALYSIS = YES;
				CLANG_WARN_STRICT_PROTOTYPES = YES;
				CLANG_WARN_SUSPICIOUS_MOVE = YES;
				CLANG_WARN_UNGUARDED_AVAILABILITY = YES_AGGRESSIVE;
				CLANG_WARN_UNREACHABLE_CODE = YES;
				CLANG_WARN__DUPLICATE_METHOD_MATCH = YES;
				COPY_PHASE_STRIP = NO;
				DEBUG_INFORMATION_FORMAT = "dwarf-with-dsym";
				ENABLE_NS_ASSERTIONS = NO;
				ENABLE_STRICT_OBJC_MSGSEND = YES;
				ENABLE_USER_SCRIPT_SANDBOXING = YES;
				GCC_C_LANGUAGE_STANDARD = gnu17;
				GCC_NO_COMMON_BLOCKS = YES;
				GCC_WARN_64_TO_32_BIT_CONVERSION = YES;
				GCC_WARN_ABOUT_RETURN_TYPE = YES_ERROR;
				GCC_WARN_UNDECLARED_SELECTOR = YES;
				GCC_WARN_UNINITIALIZED_AUTOS = YES_AGGRESSIVE;
				GCC_WARN_UNUSED_FUNCTION = YES;
				GCC_WARN_UNUSED_VARIABLE = YES;
				IPHONEOS_DEPLOYMENT_TARGET = 18.2;
				LOCALIZATION_PREFERS_STRING_CATALOGS = YES;
				MTL_ENABLE_DEBUG_INFO = NO;
				MTL_FAST_MATH = YES;
				SDKROOT = iphoneos;
				SWIFT_COMPILATION_MODE = wholemodule;
				VALIDATE_PRODUCT = YES;
			};
			name = Release;
		};
		8597F86C2E014E3A00A74B13 /* Debug */ = {
			isa = XCBuildConfiguration;
			buildSettings = {
				BUNDLE_LOADER = "$(TEST_HOST)";
				CODE_SIGN_STYLE = Automatic;
				CURRENT_PROJECT_VERSION = 1;
				DEVELOPMENT_TEAM = 2D56LS99J2;
				GENERATE_INFOPLIST_FILE = YES;
				IPHONEOS_DEPLOYMENT_TARGET = 18.2;
				MARKETING_VERSION = 1.0;
				PRODUCT_BUNDLE_IDENTIFIER = f.HexagonTests;
				PRODUCT_NAME = "$(TARGET_NAME)";
				SWIFT_EMIT_LOC_STRINGS = NO;
				SWIFT_VERSION = 5.0;
				TARGETED_DEVICE_FAMILY = "1,2";
				TEST_HOST = "$(BUILT_PRODUCTS_DIR)/Hexagon.app/$(BUNDLE_EXECUTABLE_FOLDER_PATH)/Hexagon";
			};
			name = Debug;
		};
		8597F86D2E014E3A00A74B13 /* Release */ = {
			isa = XCBuildConfiguration;
			buildSettings = {
				BUNDLE_LOADER = "$(TEST_HOST)";
				CODE_SIGN_STYLE = Automatic;
				CURRENT_PROJECT_VERSION = 1;
				DEVELOPMENT_TEAM = 2D56LS99J2;
				GENERATE_INFOPLIST_FILE = YES;
				IPHONEOS_DEPLOYMENT_TARGET = 18.2;
				MARKETING_VERSION = 1.0;
				PRODUCT_BUNDLE_IDENTIFIER = f.HexagonTests;
				PRODUCT_NAME = "$(TARGET_NAME)";
				SWIFT_EMIT_LOC_STRINGS = NO;
				SWIFT_VERSION = 5.0;
				TARGETED_DEVICE_FAMILY = "1,2";
				TEST_HOST = "$(BUILT_PRODUCTS_DIR)/Hexagon.app/$(BUNDLE_EXECUTABLE_FOLDER_PATH)/Hexagon";
			};
			name = Release;
		};
		8597F86F2E014E3A00A74B13 /* Debug */ = {
			isa = XCBuildConfiguration;
			buildSettings = {
				CODE_SIGN_STYLE = Automatic;
				CURRENT_PROJECT_VERSION = 1;
				DEVELOPMENT_TEAM = 2D56LS99J2;
				GENERATE_INFOPLIST_FILE = YES;
				MARKETING_VERSION = 1.0;
				PRODUCT_BUNDLE_IDENTIFIER = f.HexagonUITests;
				PRODUCT_NAME = "$(TARGET_NAME)";
				SWIFT_EMIT_LOC_STRINGS = NO;
				SWIFT_VERSION = 5.0;
				TARGETED_DEVICE_FAMILY = "1,2";
				TEST_TARGET_NAME = Hexagon;
			};
			name = Debug;
		};
		8597F8702E014E3A00A74B13 /* Release */ = {
			isa = XCBuildConfiguration;
			buildSettings = {
				CODE_SIGN_STYLE = Automatic;
				CURRENT_PROJECT_VERSION = 1;
				DEVELOPMENT_TEAM = 2D56LS99J2;
				GENERATE_INFOPLIST_FILE = YES;
				MARKETING_VERSION = 1.0;
				PRODUCT_BUNDLE_IDENTIFIER = f.HexagonUITests;
				PRODUCT_NAME = "$(TARGET_NAME)";
				SWIFT_EMIT_LOC_STRINGS = NO;
				SWIFT_VERSION = 5.0;
				TARGETED_DEVICE_FAMILY = "1,2";
				TEST_TARGET_NAME = Hexagon;
			};
			name = Release;
		};
/* End XCBuildConfiguration section */

/* Begin XCConfigurationList section */
		8597F8382E014E3900A74B13 /* Build configuration list for PBXProject "Hexagon" */ = {
			isa = XCConfigurationList;
			buildConfigurations = (
				8597F8692E014E3A00A74B13 /* Debug */,
				8597F86A2E014E3A00A74B13 /* Release */,
			);
			defaultConfigurationIsVisible = 0;
			defaultConfigurationName = Release;
		};
		8597F8662E014E3A00A74B13 /* Build configuration list for PBXNativeTarget "Hexagon" */ = {
			isa = XCConfigurationList;
			buildConfigurations = (
				8597F8672E014E3A00A74B13 /* Debug */,
				8597F8682E014E3A00A74B13 /* Release */,
			);
			defaultConfigurationIsVisible = 0;
			defaultConfigurationName = Release;
		};
		8597F86B2E014E3A00A74B13 /* Build configuration list for PBXNativeTarget "HexagonTests" */ = {
			isa = XCConfigurationList;
			buildConfigurations = (
				8597F86C2E014E3A00A74B13 /* Debug */,
				8597F86D2E014E3A00A74B13 /* Release */,
			);
			defaultConfigurationIsVisible = 0;
			defaultConfigurationName = Release;
		};
		8597F86E2E014E3A00A74B13 /* Build configuration list for PBXNativeTarget "HexagonUITests" */ = {
			isa = XCConfigurationList;
			buildConfigurations = (
				8597F86F2E014E3A00A74B13 /* Debug */,
				8597F8702E014E3A00A74B13 /* Release */,
			);
			defaultConfigurationIsVisible = 0;
			defaultConfigurationName = Release;
		};
/* End XCConfigurationList section */
	};
	rootObject = 8597F8352E014E3900A74B13 /* Project object */;
}
